
Microsoft Visual Studio Solution File, Format Version 11.00
# Visual Studio 2018
Project("{FAE04EC0-301F-11D3-BF4B-00C04F79EFBC}") = "StudentPortal-2", "StudentPortal-2\StudentPortal-2.csproj", "{F57C0428-3AE3-49E7-8864-AB0FA7FEAE78}"
EndProject
Global
	GlobalSection(SolutionConfigurationPlatforms) = preSolution
		Debug|x86 = Debug|x86
		Release|x86 = Release|x86
	EndGlobalSection
	GlobalSection(ProjectConfigurationPlatforms) = postSolution
		{F57C0428-3AE3-49E7-8864-AB0FA7FEAE78}.Debug|x86.ActiveCfg = Debug|x86
		{F57C0428-3AE3-49E7-8864-AB0FA7FEAE78}.Debug|x86.Build.0 = Debug|x86
		{F57C0428-3AE3-49E7-8864-AB0FA7FEAE78}.Release|x86.ActiveCfg = Release|x86
		{F57C0428-3AE3-49E7-8864-AB0FA7FEAE78}.Release|x86.Build.0 = Release|x86
	EndGlobalSection
	GlobalSection(SolutionProperties) = preSolution
		HideSolutionNode = FALSE
	EndGlobalSection
EndGlobal
